
Microsoft Visual Studio Solution File, Format Version 12.00
# Visual Studio Version 16
VisualStudioVersion = 16.0.29025.244
MinimumVisualStudioVersion = 10.0.40219.1
Project("{FAE04EC0-301F-11D3-BF4B-00C04F79EFBC}") = "MadPay.Presentation", "MadPay.Presentation\MadPay.Presentation.csproj", "{4D0E607E-C826-4A6C-A19E-0205AB49A61A}"
EndProject
Project("{FAE04EC0-301F-11D3-BF4B-00C04F79EFBC}") = "MadPay.Common", "MadPay.Common\MadPay.Common.csproj", "{BC576AE7-B631-468F-8206-C38AD4B21C51}"
EndProject
Global
	GlobalSection(SolutionConfigurationPlatforms) = preSolution
		Debug|Any CPU = Debug|Any CPU
		Release|Any CPU = Release|Any CPU
	EndGlobalSection
	GlobalSection(ProjectConfigurationPlatforms) = postSolution
		{4D0E607E-C826-4A6C-A19E-0205AB49A61A}.Debug|Any CPU.ActiveCfg = Debug|Any CPU
		{4D0E607E-C826-4A6C-A19E-0205AB49A61A}.Debug|Any CPU.Build.0 = Debug|Any CPU
		{4D0E607E-C826-4A6C-A19E-0205AB49A61A}.Release|Any CPU.ActiveCfg = Release|Any CPU
		{4D0E607E-C826-4A6C-A19E-0205AB49A61A}.Release|Any CPU.Build.0 = Release|Any CPU
		{BC576AE7-B631-468F-8206-C38AD4B21C51}.Debug|Any CPU.ActiveCfg = Debug|Any CPU
		{BC576AE7-B631-468F-8206-C38AD4B21C51}.Debug|Any CPU.Build.0 = Debug|Any CPU
		{BC576AE7-B631-468F-8206-C38AD4B21C51}.Release|Any CPU.ActiveCfg = Release|Any CPU
		{BC576AE7-B631-468F-8206-C38AD4B21C51}.Release|Any CPU.Build.0 = Release|Any CPU
	EndGlobalSection
	GlobalSection(SolutionProperties) = preSolution
		HideSolutionNode = FALSE
	EndGlobalSection
	GlobalSection(ExtensibilityGlobals) = postSolution
		SolutionGuid = {D048DC1F-2C54-4649-B67C-A0793E141873}
	EndGlobalSection
EndGlobal
